
Microsoft Visual Studio Solution File, Format Version 12.00
# Visual Studio Version 17
VisualStudioVersion = 17.14.36203.30 d17.14
MinimumVisualStudioVersion = 10.0.40219.1
Project("{FAE04EC0-301F-11D3-BF4B-00C04F79EFBC}") = "TestConnectorLib", "TestConnectorLib\TestConnectorLib.csproj", "{00889DE8-FB7B-4389-ABB7-EEF21EE74539}"
EndProject
Project("{FAE04EC0-301F-11D3-BF4B-00C04F79EFBC}") = "TestConnectorUI", "TestConnectorUI\TestConnectorUI.csproj", "{6C37073B-A9BB-44D0-ADD8-D5CC849C3AE7}"
EndProject
Global
	GlobalSection(SolutionConfigurationPlatforms) = preSolution
		Debug|Any CPU = Debug|Any CPU
		Release|Any CPU = Release|Any CPU
	EndGlobalSection
	GlobalSection(ProjectConfigurationPlatforms) = postSolution
		{00889DE8-FB7B-4389-ABB7-EEF21EE74539}.Debug|Any CPU.ActiveCfg = Debug|Any CPU
		{00889DE8-FB7B-4389-ABB7-EEF21EE74539}.Debug|Any CPU.Build.0 = Debug|Any CPU
		{00889DE8-FB7B-4389-ABB7-EEF21EE74539}.Release|Any CPU.ActiveCfg = Release|Any CPU
		{00889DE8-FB7B-4389-ABB7-EEF21EE74539}.Release|Any CPU.Build.0 = Release|Any CPU
		{6C37073B-A9BB-44D0-ADD8-D5CC849C3AE7}.Debug|Any CPU.ActiveCfg = Debug|Any CPU
		{6C37073B-A9BB-44D0-ADD8-D5CC849C3AE7}.Debug|Any CPU.Build.0 = Debug|Any CPU
		{6C37073B-A9BB-44D0-ADD8-D5CC849C3AE7}.Release|Any CPU.ActiveCfg = Release|Any CPU
		{6C37073B-A9BB-44D0-ADD8-D5CC849C3AE7}.Release|Any CPU.Build.0 = Release|Any CPU
	EndGlobalSection
	GlobalSection(SolutionProperties) = preSolution
		HideSolutionNode = FALSE
	EndGlobalSection
	GlobalSection(ExtensibilityGlobals) = postSolution
		SolutionGuid = {66A3B3AC-5A1F-4279-B4BE-8047E534B708}
	EndGlobalSection
EndGlobal
